
Microsoft Visual Studio Solution File, Format Version 12.00
# Visual Studio Version 16
VisualStudioVersion = 16.0.31515.178
MinimumVisualStudioVersion = 10.0.40219.1
Project("{9A19103F-16F7-4668-BE54-9A1E7A4F7556}") = "APIAutomationTest", "APIAutomationTest\APIAutomationTest.csproj", "{6FA38AC0-400E-41CA-BCE7-7F0F30E8B88E}"
EndProject
Project("{9A19103F-16F7-4668-BE54-9A1E7A4F7556}") = "Commons", "Commons\Commons.csproj", "{3DB4B492-D35F-49D0-BA41-85B7DC4DD43D}"
EndProject
Project("{9A19103F-16F7-4668-BE54-9A1E7A4F7556}") = "WebAutomation", "WebAutomation\WebAutomation.csproj", "{F8927BF8-CF56-48C8-9FAD-C567A316EDC5}"
EndProject
Global
	GlobalSection(SolutionConfigurationPlatforms) = preSolution
		Debug|Any CPU = Debug|Any CPU
		Release|Any CPU = Release|Any CPU
	EndGlobalSection
	GlobalSection(ProjectConfigurationPlatforms) = postSolution
		{6FA38AC0-400E-41CA-BCE7-7F0F30E8B88E}.Debug|Any CPU.ActiveCfg = Debug|Any CPU
		{6FA38AC0-400E-41CA-BCE7-7F0F30E8B88E}.Debug|Any CPU.Build.0 = Debug|Any CPU
		{6FA38AC0-400E-41CA-BCE7-7F0F30E8B88E}.Release|Any CPU.ActiveCfg = Release|Any CPU
		{6FA38AC0-400E-41CA-BCE7-7F0F30E8B88E}.Release|Any CPU.Build.0 = Release|Any CPU
		{3DB4B492-D35F-49D0-BA41-85B7DC4DD43D}.Debug|Any CPU.ActiveCfg = Debug|Any CPU
		{3DB4B492-D35F-49D0-BA41-85B7DC4DD43D}.Debug|Any CPU.Build.0 = Debug|Any CPU
		{3DB4B492-D35F-49D0-BA41-85B7DC4DD43D}.Release|Any CPU.ActiveCfg = Release|Any CPU
		{3DB4B492-D35F-49D0-BA41-85B7DC4DD43D}.Release|Any CPU.Build.0 = Release|Any CPU
		{F8927BF8-CF56-48C8-9FAD-C567A316EDC5}.Debug|Any CPU.ActiveCfg = Debug|Any CPU
		{F8927BF8-CF56-48C8-9FAD-C567A316EDC5}.Debug|Any CPU.Build.0 = Debug|Any CPU
		{F8927BF8-CF56-48C8-9FAD-C567A316EDC5}.Release|Any CPU.ActiveCfg = Release|Any CPU
		{F8927BF8-CF56-48C8-9FAD-C567A316EDC5}.Release|Any CPU.Build.0 = Release|Any CPU
	EndGlobalSection
	GlobalSection(SolutionProperties) = preSolution
		HideSolutionNode = FALSE
	EndGlobalSection
	GlobalSection(ExtensibilityGlobals) = postSolution
		SolutionGuid = {7E4DA9E5-0FD8-48B5-A3E4-68BC5EFA030D}
	EndGlobalSection
EndGlobal
